
Microsoft Visual Studio Solution File, Format Version 12.00
# Visual Studio 15
VisualStudioVersion = 15.0.28307.1321
MinimumVisualStudioVersion = 10.0.40219.1
Project("{FAE04EC0-301F-11D3-BF4B-00C04F79EFBC}") = "WCleaner", "WCleaner\WCleaner.csproj", "{6CC820CA-6BEB-4264-9D42-457DE71E0D47}"
EndProject
Global
	GlobalSection(SolutionConfigurationPlatforms) = preSolution
		Debug|Any CPU = Debug|Any CPU
		Release|Any CPU = Release|Any CPU
	EndGlobalSection
	GlobalSection(ProjectConfigurationPlatforms) = postSolution
		{6CC820CA-6BEB-4264-9D42-457DE71E0D47}.Debug|Any CPU.ActiveCfg = Debug|Any CPU
		{6CC820CA-6BEB-4264-9D42-457DE71E0D47}.Debug|Any CPU.Build.0 = Debug|Any CPU
		{6CC820CA-6BEB-4264-9D42-457DE71E0D47}.Release|Any CPU.ActiveCfg = Release|Any CPU
		{6CC820CA-6BEB-4264-9D42-457DE71E0D47}.Release|Any CPU.Build.0 = Release|Any CPU
	EndGlobalSection
	GlobalSection(SolutionProperties) = preSolution
		HideSolutionNode = FALSE
	EndGlobalSection
	GlobalSection(ExtensibilityGlobals) = postSolution
		SolutionGuid = {6E8DD06F-6ABA-4138-BDE8-4AD42FD8BF88}
	EndGlobalSection
EndGlobal
